
Microsoft Visual Studio Solution File, Format Version 12.00
# Visual Studio 15
VisualStudioVersion = 15.0.27428.2015
MinimumVisualStudioVersion = 10.0.40219.1
Project("{2150E333-8FDC-42A3-9474-1A3956D46DE8}") = "2 - Dados", "2 - Dados", "{492A3E9A-3E46-42A0-B28B-4B748F095A6E}"
EndProject
Project("{2150E333-8FDC-42A3-9474-1A3956D46DE8}") = "1 - Aplicação", "1 - Aplicação", "{C3E3A418-1002-4EC4-B70F-9D7DBFE3A11D}"
EndProject
Project("{FAE04EC0-301F-11D3-BF4B-00C04F79EFBC}") = "Entidades", "Entidades\Entidades.csproj", "{4E7A29BD-B963-4F32-B43C-6F3A5620F433}"
EndProject
Project("{FAE04EC0-301F-11D3-BF4B-00C04F79EFBC}") = "Repositorio.Contratos", "Repositorio.Contratos\Repositorio.Contratos.csproj", "{3179974D-1868-491B-ADF9-EFDB798104CD}"
EndProject
Project("{FAE04EC0-301F-11D3-BF4B-00C04F79EFBC}") = "Repositorio.Implementacoes", "Repositorio.Implementacoes\Repositorio.Implementacoes.csproj", "{62851B63-DDDB-4C3C-BB45-AFD14FD9053C}"
EndProject
Project("{2150E333-8FDC-42A3-9474-1A3956D46DE8}") = "3 - Relatórios", "3 - Relatórios", "{D3564F20-E385-4EB9-9ADA-CFBDDFE82F5B}"
EndProject
Project("{FAE04EC0-301F-11D3-BF4B-00C04F79EFBC}") = "AplicacaoWindowsForm", "AplicacaoWindowsForm\AplicacaoWindowsForm.csproj", "{162AAFCD-D8B6-4CC1-A607-8D06BA086CAF}"
EndProject
Project("{FAE04EC0-301F-11D3-BF4B-00C04F79EFBC}") = "Relatorios", "Relatorios\Relatorios.csproj", "{588BE4D7-904F-4D17-907C-760BB5C531B1}"
EndProject
Project("{FAE04EC0-301F-11D3-BF4B-00C04F79EFBC}") = "Relatorio.Filtro", "Relatorio.Filtro\Relatorio.Filtro.csproj", "{F67A6924-90B7-4938-A842-6E6B5047D419}"
EndProject
Global
	GlobalSection(SolutionConfigurationPlatforms) = preSolution
		Debug|Any CPU = Debug|Any CPU
		Release|Any CPU = Release|Any CPU
	EndGlobalSection
	GlobalSection(ProjectConfigurationPlatforms) = postSolution
		{4E7A29BD-B963-4F32-B43C-6F3A5620F433}.Debug|Any CPU.ActiveCfg = Debug|Any CPU
		{4E7A29BD-B963-4F32-B43C-6F3A5620F433}.Debug|Any CPU.Build.0 = Debug|Any CPU
		{4E7A29BD-B963-4F32-B43C-6F3A5620F433}.Release|Any CPU.ActiveCfg = Release|Any CPU
		{4E7A29BD-B963-4F32-B43C-6F3A5620F433}.Release|Any CPU.Build.0 = Release|Any CPU
		{3179974D-1868-491B-ADF9-EFDB798104CD}.Debug|Any CPU.ActiveCfg = Debug|Any CPU
		{3179974D-1868-491B-ADF9-EFDB798104CD}.Debug|Any CPU.Build.0 = Debug|Any CPU
		{3179974D-1868-491B-ADF9-EFDB798104CD}.Release|Any CPU.ActiveCfg = Release|Any CPU
		{3179974D-1868-491B-ADF9-EFDB798104CD}.Release|Any CPU.Build.0 = Release|Any CPU
		{62851B63-DDDB-4C3C-BB45-AFD14FD9053C}.Debug|Any CPU.ActiveCfg = Debug|Any CPU
		{62851B63-DDDB-4C3C-BB45-AFD14FD9053C}.Debug|Any CPU.Build.0 = Debug|Any CPU
		{62851B63-DDDB-4C3C-BB45-AFD14FD9053C}.Release|Any CPU.ActiveCfg = Release|Any CPU
		{62851B63-DDDB-4C3C-BB45-AFD14FD9053C}.Release|Any CPU.Build.0 = Release|Any CPU
		{162AAFCD-D8B6-4CC1-A607-8D06BA086CAF}.Debug|Any CPU.ActiveCfg = Debug|Any CPU
		{162AAFCD-D8B6-4CC1-A607-8D06BA086CAF}.Debug|Any CPU.Build.0 = Debug|Any CPU
		{162AAFCD-D8B6-4CC1-A607-8D06BA086CAF}.Release|Any CPU.ActiveCfg = Release|Any CPU
		{162AAFCD-D8B6-4CC1-A607-8D06BA086CAF}.Release|Any CPU.Build.0 = Release|Any CPU
		{588BE4D7-904F-4D17-907C-760BB5C531B1}.Debug|Any CPU.ActiveCfg = Debug|Any CPU
		{588BE4D7-904F-4D17-907C-760BB5C531B1}.Debug|Any CPU.Build.0 = Debug|Any CPU
		{588BE4D7-904F-4D17-907C-760BB5C531B1}.Release|Any CPU.ActiveCfg = Release|Any CPU
		{588BE4D7-904F-4D17-907C-760BB5C531B1}.Release|Any CPU.Build.0 = Release|Any CPU
		{F67A6924-90B7-4938-A842-6E6B5047D419}.Debug|Any CPU.ActiveCfg = Debug|Any CPU
		{F67A6924-90B7-4938-A842-6E6B5047D419}.Debug|Any CPU.Build.0 = Debug|Any CPU
		{F67A6924-90B7-4938-A842-6E6B5047D419}.Release|Any CPU.ActiveCfg = Release|Any CPU
		{F67A6924-90B7-4938-A842-6E6B5047D419}.Release|Any CPU.Build.0 = Release|Any CPU
	EndGlobalSection
	GlobalSection(SolutionProperties) = preSolution
		HideSolutionNode = FALSE
	EndGlobalSection
	GlobalSection(NestedProjects) = preSolution
		{4E7A29BD-B963-4F32-B43C-6F3A5620F433} = {492A3E9A-3E46-42A0-B28B-4B748F095A6E}
		{3179974D-1868-491B-ADF9-EFDB798104CD} = {492A3E9A-3E46-42A0-B28B-4B748F095A6E}
		{62851B63-DDDB-4C3C-BB45-AFD14FD9053C} = {492A3E9A-3E46-42A0-B28B-4B748F095A6E}
		{162AAFCD-D8B6-4CC1-A607-8D06BA086CAF} = {C3E3A418-1002-4EC4-B70F-9D7DBFE3A11D}
		{588BE4D7-904F-4D17-907C-760BB5C531B1} = {D3564F20-E385-4EB9-9ADA-CFBDDFE82F5B}
		{F67A6924-90B7-4938-A842-6E6B5047D419} = {D3564F20-E385-4EB9-9ADA-CFBDDFE82F5B}
	EndGlobalSection
	GlobalSection(ExtensibilityGlobals) = postSolution
		SolutionGuid = {8F5EC8CA-8447-441A-85C0-D8C69ABFF8B3}
	EndGlobalSection
EndGlobal
